// !$*UTF8*$!
{
	archiveVersion = 1;
	classes = {
	};
	objectVersion = 46;
	objects = {

/* Begin PBXBuildFile section */
		0E11959C1B38C3F6000F2B3D /* SpacingTableViewCell.m in Sources */ = {isa = PBXBuildFile; fileRef = 0E11959B1B38C3F6000F2B3D /* SpacingTableViewCell.m */; };
		0E1195A51B38CA65000F2B3D /* AddScenarioDataModel.m in Sources */ = {isa = PBXBuildFile; fileRef = 0E1195A41B38CA65000F2B3D /* AddScenarioDataModel.m */; };
		0E1195AB1B3A01DA000F2B3D /* AddScenarioHeaderView.m in Sources */ = {isa = PBXBuildFile; fileRef = 0E1195AA1B3A01DA000F2B3D /* AddScenarioHeaderView.m */; };
		0E1195AD1B3A01FA000F2B3D /* AddScenarioHeaderView.xib in Resources */ = {isa = PBXBuildFile; fileRef = 0E1195AC1B3A01FA000F2B3D /* AddScenarioHeaderView.xib */; };
		0E1195B01B3A12D9000F2B3D /* TriggerDataModel.m in Sources */ = {isa = PBXBuildFile; fileRef = 0E1195AF1B3A12D9000F2B3D /* TriggerDataModel.m */; };
		0E1195B31B3A12E8000F2B3D /* ActionDataModel.m in Sources */ = {isa = PBXBuildFile; fileRef = 0E1195B21B3A12E8000F2B3D /* ActionDataModel.m */; };
		0E1195B71B3A134C000F2B3D /* ItemDataModel.m in Sources */ = {isa = PBXBuildFile; fileRef = 0E1195B61B3A134C000F2B3D /* ItemDataModel.m */; };
		0E1195BB1B3A14CB000F2B3D /* AddItemCell.m in Sources */ = {isa = PBXBuildFile; fileRef = 0E1195BA1B3A14CB000F2B3D /* AddItemCell.m */; };
		0E1195BE1B3A22DE000F2B3D /* AddTriggerViewController.m in Sources */ = {isa = PBXBuildFile; fileRef = 0E1195BD1B3A22DE000F2B3D /* AddTriggerViewController.m */; };
		0E1195C11B3B707F000F2B3D /* AddActionViewController.m in Sources */ = {isa = PBXBuildFile; fileRef = 0E1195C01B3B707F000F2B3D /* AddActionViewController.m */; };
		0E1195C41B3B714C000F2B3D /* AddActionCell.m in Sources */ = {isa = PBXBuildFile; fileRef = 0E1195C31B3B714C000F2B3D /* AddActionCell.m */; };
		0E1195C81B3B72D6000F2B3D /* AddActionHeaderView.m in Sources */ = {isa = PBXBuildFile; fileRef = 0E1195C71B3B72D6000F2B3D /* AddActionHeaderView.m */; };
		0E1195CA1B3B72EE000F2B3D /* AddActionHeaderView.xib in Resources */ = {isa = PBXBuildFile; fileRef = 0E1195C91B3B72EE000F2B3D /* AddActionHeaderView.xib */; };
		0E1195CD1B3B7655000F2B3D /* AddActionDataModel.m in Sources */ = {isa = PBXBuildFile; fileRef = 0E1195CC1B3B7655000F2B3D /* AddActionDataModel.m */; };
		0E52FCEB1B17D17300279F48 /* Data.m in Sources */ = {isa = PBXBuildFile; fileRef = 0E52FCEA1B17D17300279F48 /* Data.m */; };
		0E52FCEE1B17D18900279F48 /* Description.m in Sources */ = {isa = PBXBuildFile; fileRef = 0E52FCED1B17D18900279F48 /* Description.m */; };
		0ED963B61B04ED6C00A58227 /* main.m in Sources */ = {isa = PBXBuildFile; fileRef = 0ED963B51B04ED6C00A58227 /* main.m */; };
		0ED963B91B04ED6C00A58227 /* AppDelegate.m in Sources */ = {isa = PBXBuildFile; fileRef = 0ED963B81B04ED6C00A58227 /* AppDelegate.m */; };
		0ED963BC1B04ED6C00A58227 /* RegisterViewController.m in Sources */ = {isa = PBXBuildFile; fileRef = 0ED963BB1B04ED6C00A58227 /* RegisterViewController.m */; };
		0ED963BF1B04ED6C00A58227 /* Main.storyboard in Resources */ = {isa = PBXBuildFile; fileRef = 0ED963BD1B04ED6C00A58227 /* Main.storyboard */; };
		0ED963C11B04ED6C00A58227 /* Images.xcassets in Resources */ = {isa = PBXBuildFile; fileRef = 0ED963C01B04ED6C00A58227 /* Images.xcassets */; };
		0ED963C41B04ED6C00A58227 /* LaunchScreen.xib in Resources */ = {isa = PBXBuildFile; fileRef = 0ED963C21B04ED6C00A58227 /* LaunchScreen.xib */; };
		0ED963D01B04ED6C00A58227 /* Sugar_MoleTests.m in Sources */ = {isa = PBXBuildFile; fileRef = 0ED963CF1B04ED6C00A58227 /* Sugar_MoleTests.m */; };
		0ED963DB1B04FA2D00A58227 /* HomeViewController.m in Sources */ = {isa = PBXBuildFile; fileRef = 0ED963DA1B04FA2D00A58227 /* HomeViewController.m */; };
		0ED963EA1B04FAD500A58227 /* SettingsViewController.m in Sources */ = {isa = PBXBuildFile; fileRef = 0ED963E91B04FAD500A58227 /* SettingsViewController.m */; };
		0EDCB9571B0E8C6B00D05127 /* HomePopAnimator.m in Sources */ = {isa = PBXBuildFile; fileRef = 0EDCB9561B0E8C6B00D05127 /* HomePopAnimator.m */; };
		0EDD097C1B0772D20009F193 /* LoginViewController.m in Sources */ = {isa = PBXBuildFile; fileRef = 0EDD097B1B0772D20009F193 /* LoginViewController.m */; };
		0EDD51021B0D3A1D00E18B42 /* NavigationControllerDelegate.m in Sources */ = {isa = PBXBuildFile; fileRef = 0EDD51011B0D3A1D00E18B42 /* NavigationControllerDelegate.m */; };
		0EDD51061B0D3FD300E18B42 /* HomePushAnimator.m in Sources */ = {isa = PBXBuildFile; fileRef = 0EDD51051B0D3FD300E18B42 /* HomePushAnimator.m */; };
		0EDD73D31B1672E500BC3FFC /* Device.m in Sources */ = {isa = PBXBuildFile; fileRef = 0EDD73D21B1672E500BC3FFC /* Device.m */; };
		0EDFB6A81B10D23C0003FFE6 /* ActionsViewController.m in Sources */ = {isa = PBXBuildFile; fileRef = 0EDFB6A71B10D23C0003FFE6 /* ActionsViewController.m */; };
		0EE303FD1B114D9600D0659F /* VocalControlViewController.m in Sources */ = {isa = PBXBuildFile; fileRef = 0EE303FC1B114D9600D0659F /* VocalControlViewController.m */; };
		0EE320D71B0FE19B00EDA06F /* HTTPRequestManager.m in Sources */ = {isa = PBXBuildFile; fileRef = 0EE320D61B0FE19B00EDA06F /* HTTPRequestManager.m */; };
		0EE320DA1B0FF17900EDA06F /* DataManager.m in Sources */ = {isa = PBXBuildFile; fileRef = 0EE320D91B0FF17900EDA06F /* DataManager.m */; };
		0EE320DD1B0FF18B00EDA06F /* RequestHandler.m in Sources */ = {isa = PBXBuildFile; fileRef = 0EE320DC1B0FF18B00EDA06F /* RequestHandler.m */; };
		0EE320E01B0FF4ED00EDA06F /* Scenario.m in Sources */ = {isa = PBXBuildFile; fileRef = 0EE320DF1B0FF4ED00EDA06F /* Scenario.m */; };
		0EE320E31B0FF4FC00EDA06F /* Action.m in Sources */ = {isa = PBXBuildFile; fileRef = 0EE320E21B0FF4FC00EDA06F /* Action.m */; };
		0EE320E61B0FF50800EDA06F /* User.m in Sources */ = {isa = PBXBuildFile; fileRef = 0EE320E51B0FF50800EDA06F /* User.m */; };
		0EE320EA1B0FF58600EDA06F /* ItemsTableViewController.m in Sources */ = {isa = PBXBuildFile; fileRef = 0EE320E91B0FF58600EDA06F /* ItemsTableViewController.m */; };
		0EE320ED1B0FF5E900EDA06F /* ScenariosTableViewController.m in Sources */ = {isa = PBXBuildFile; fileRef = 0EE320EC1B0FF5E900EDA06F /* ScenariosTableViewController.m */; };
		0EE320F01B0FF5F800EDA06F /* ActionsTypeTableViewController.m in Sources */ = {isa = PBXBuildFile; fileRef = 0EE320EF1B0FF5F800EDA06F /* ActionsTypeTableViewController.m */; };
		0EE320F31B0FF62900EDA06F /* CompatibilitiesTableViewController.m in Sources */ = {isa = PBXBuildFile; fileRef = 0EE320F21B0FF62900EDA06F /* CompatibilitiesTableViewController.m */; };
		0EE320F71B0FF6A900EDA06F /* BaseItemCell.m in Sources */ = {isa = PBXBuildFile; fileRef = 0EE320F61B0FF6A900EDA06F /* BaseItemCell.m */; };
		0EE320FA1B0FF6C900EDA06F /* ActionItemCell.m in Sources */ = {isa = PBXBuildFile; fileRef = 0EE320F91B0FF6C900EDA06F /* ActionItemCell.m */; };
		0EE320FD1B0FF6E300EDA06F /* CompatibilityItemCell.m in Sources */ = {isa = PBXBuildFile; fileRef = 0EE320FC1B0FF6E300EDA06F /* CompatibilityItemCell.m */; };
		0EE321001B0FF6F800EDA06F /* ScenarioItemCell.m in Sources */ = {isa = PBXBuildFile; fileRef = 0EE320FF1B0FF6F800EDA06F /* ScenarioItemCell.m */; };
		0EE321031B0FF73600EDA06F /* LightItemCell.m in Sources */ = {isa = PBXBuildFile; fileRef = 0EE321021B0FF73600EDA06F /* LightItemCell.m */; };
		0EE321061B0FF7FD00EDA06F /* PlugItemCell.m in Sources */ = {isa = PBXBuildFile; fileRef = 0EE321051B0FF7FD00EDA06F /* PlugItemCell.m */; };
		0EE321091B0FF81F00EDA06F /* ACItemCell.m in Sources */ = {isa = PBXBuildFile; fileRef = 0EE321081B0FF81F00EDA06F /* ACItemCell.m */; };
		0EE3210C1B0FF82D00EDA06F /* SecurityItemCell.m in Sources */ = {isa = PBXBuildFile; fileRef = 0EE3210B1B0FF82D00EDA06F /* SecurityItemCell.m */; };
		0EE3210F1B0FF84400EDA06F /* HeaterItemCell.m in Sources */ = {isa = PBXBuildFile; fileRef = 0EE3210E1B0FF84400EDA06F /* HeaterItemCell.m */; };
		0EE321121B0FF86A00EDA06F /* CaptorItemCell.m in Sources */ = {isa = PBXBuildFile; fileRef = 0EE321111B0FF86A00EDA06F /* CaptorItemCell.m */; };
		0EE321161B0FF8C500EDA06F /* CompatibleCell.m in Sources */ = {isa = PBXBuildFile; fileRef = 0EE321151B0FF8C500EDA06F /* CompatibleCell.m */; };
		0EE321191B0FF8EC00EDA06F /* AddCompatibilityCell.m in Sources */ = {isa = PBXBuildFile; fileRef = 0EE321181B0FF8EC00EDA06F /* AddCompatibilityCell.m */; };
		0EE6C2AC1B08E0960005914E /* Default-h568.png in Resources */ = {isa = PBXBuildFile; fileRef = 0EE6C2AB1B08E0960005914E /* Default-h568.png */; };
		0EED47AE1B1532C500BF0934 /* NSString+MD5.m in Sources */ = {isa = PBXBuildFile; fileRef = 0EED47AD1B1532C500BF0934 /* NSString+MD5.m */; };
		0EEE40971B363BE6006CE3FC /* AddScenarioViewController.m in Sources */ = {isa = PBXBuildFile; fileRef = 0EEE40961B363BE6006CE3FC /* AddScenarioViewController.m */; };
		DB872725DFFB92D648073F96 /* libPods-Sugar Mole.a in Frameworks */ = {isa = PBXBuildFile; fileRef = 6511277E147D9141D1B5CF37 /* libPods-Sugar Mole.a */; };
/* End PBXBuildFile section */

/* Begin PBXContainerItemProxy section */
		0ED963CA1B04ED6C00A58227 /* PBXContainerItemProxy */ = {
			isa = PBXContainerItemProxy;
			containerPortal = 0ED963A81B04ED6C00A58227 /* Project object */;
			proxyType = 1;
			remoteGlobalIDString = 0ED963AF1B04ED6C00A58227;
			remoteInfo = "Sugar Mole";
		};
/* End PBXContainerItemProxy section */

/* Begin PBXFileReference section */
		0E11959A1B38C3F6000F2B3D /* SpacingTableViewCell.h */ = {isa = PBXFileReference; fileEncoding = 4; lastKnownFileType = sourcecode.c.h; path = SpacingTableViewCell.h; sourceTree = "<group>"; };
		0E11959B1B38C3F6000F2B3D /* SpacingTableViewCell.m */ = {isa = PBXFileReference; fileEncoding = 4; lastKnownFileType = sourcecode.c.objc; path = SpacingTableViewCell.m; sourceTree = "<group>"; };
		0E1195A31B38CA65000F2B3D /* AddScenarioDataModel.h */ = {isa = PBXFileReference; fileEncoding = 4; lastKnownFileType = sourcecode.c.h; path = AddScenarioDataModel.h; sourceTree = "<group>"; };
		0E1195A41B38CA65000F2B3D /* AddScenarioDataModel.m */ = {isa = PBXFileReference; fileEncoding = 4; lastKnownFileType = sourcecode.c.objc; path = AddScenarioDataModel.m; sourceTree = "<group>"; };
		0E1195A91B3A01DA000F2B3D /* AddScenarioHeaderView.h */ = {isa = PBXFileReference; fileEncoding = 4; lastKnownFileType = sourcecode.c.h; path = AddScenarioHeaderView.h; sourceTree = "<group>"; };
		0E1195AA1B3A01DA000F2B3D /* AddScenarioHeaderView.m */ = {isa = PBXFileReference; fileEncoding = 4; lastKnownFileType = sourcecode.c.objc; path = AddScenarioHeaderView.m; sourceTree = "<group>"; };
		0E1195AC1B3A01FA000F2B3D /* AddScenarioHeaderView.xib */ = {isa = PBXFileReference; fileEncoding = 4; lastKnownFileType = file.xib; path = AddScenarioHeaderView.xib; sourceTree = "<group>"; };
		0E1195AE1B3A12D9000F2B3D /* TriggerDataModel.h */ = {isa = PBXFileReference; fileEncoding = 4; lastKnownFileType = sourcecode.c.h; path = TriggerDataModel.h; sourceTree = "<group>"; };
		0E1195AF1B3A12D9000F2B3D /* TriggerDataModel.m */ = {isa = PBXFileReference; fileEncoding = 4; lastKnownFileType = sourcecode.c.objc; path = TriggerDataModel.m; sourceTree = "<group>"; };
		0E1195B11B3A12E8000F2B3D /* ActionDataModel.h */ = {isa = PBXFileReference; fileEncoding = 4; lastKnownFileType = sourcecode.c.h; path = ActionDataModel.h; sourceTree = "<group>"; };
		0E1195B21B3A12E8000F2B3D /* ActionDataModel.m */ = {isa = PBXFileReference; fileEncoding = 4; lastKnownFileType = sourcecode.c.objc; path = ActionDataModel.m; sourceTree = "<group>"; };
		0E1195B51B3A134C000F2B3D /* ItemDataModel.h */ = {isa = PBXFileReference; fileEncoding = 4; lastKnownFileType = sourcecode.c.h; path = ItemDataModel.h; sourceTree = "<group>"; };
		0E1195B61B3A134C000F2B3D /* ItemDataModel.m */ = {isa = PBXFileReference; fileEncoding = 4; lastKnownFileType = sourcecode.c.objc; path = ItemDataModel.m; sourceTree = "<group>"; };
		0E1195B91B3A14CB000F2B3D /* AddItemCell.h */ = {isa = PBXFileReference; fileEncoding = 4; lastKnownFileType = sourcecode.c.h; path = AddItemCell.h; sourceTree = "<group>"; };
		0E1195BA1B3A14CB000F2B3D /* AddItemCell.m */ = {isa = PBXFileReference; fileEncoding = 4; lastKnownFileType = sourcecode.c.objc; path = AddItemCell.m; sourceTree = "<group>"; };
		0E1195BC1B3A22DE000F2B3D /* AddTriggerViewController.h */ = {isa = PBXFileReference; fileEncoding = 4; lastKnownFileType = sourcecode.c.h; path = AddTriggerViewController.h; sourceTree = "<group>"; };
		0E1195BD1B3A22DE000F2B3D /* AddTriggerViewController.m */ = {isa = PBXFileReference; fileEncoding = 4; lastKnownFileType = sourcecode.c.objc; path = AddTriggerViewController.m; sourceTree = "<group>"; };
		0E1195BF1B3B707F000F2B3D /* AddActionViewController.h */ = {isa = PBXFileReference; fileEncoding = 4; lastKnownFileType = sourcecode.c.h; path = AddActionViewController.h; sourceTree = "<group>"; };
		0E1195C01B3B707F000F2B3D /* AddActionViewController.m */ = {isa = PBXFileReference; fileEncoding = 4; lastKnownFileType = sourcecode.c.objc; path = AddActionViewController.m; sourceTree = "<group>"; };
		0E1195C21B3B714C000F2B3D /* AddActionCell.h */ = {isa = PBXFileReference; fileEncoding = 4; lastKnownFileType = sourcecode.c.h; path = AddActionCell.h; sourceTree = "<group>"; };
		0E1195C31B3B714C000F2B3D /* AddActionCell.m */ = {isa = PBXFileReference; fileEncoding = 4; lastKnownFileType = sourcecode.c.objc; path = AddActionCell.m; sourceTree = "<group>"; };
		0E1195C61B3B72D6000F2B3D /* AddActionHeaderView.h */ = {isa = PBXFileReference; fileEncoding = 4; lastKnownFileType = sourcecode.c.h; path = AddActionHeaderView.h; sourceTree = "<group>"; };
		0E1195C71B3B72D6000F2B3D /* AddActionHeaderView.m */ = {isa = PBXFileReference; fileEncoding = 4; lastKnownFileType = sourcecode.c.objc; path = AddActionHeaderView.m; sourceTree = "<group>"; };
		0E1195C91B3B72EE000F2B3D /* AddActionHeaderView.xib */ = {isa = PBXFileReference; fileEncoding = 4; lastKnownFileType = file.xib; path = AddActionHeaderView.xib; sourceTree = "<group>"; };
		0E1195CB1B3B7655000F2B3D /* AddActionDataModel.h */ = {isa = PBXFileReference; fileEncoding = 4; lastKnownFileType = sourcecode.c.h; path = AddActionDataModel.h; sourceTree = "<group>"; };
		0E1195CC1B3B7655000F2B3D /* AddActionDataModel.m */ = {isa = PBXFileReference; fileEncoding = 4; lastKnownFileType = sourcecode.c.objc; path = AddActionDataModel.m; sourceTree = "<group>"; };
		0E1195CF1B3B7D1F000F2B3D /* SugarMole-PrefixHeader.pch */ = {isa = PBXFileReference; fileEncoding = 4; lastKnownFileType = sourcecode.c.h; path = "SugarMole-PrefixHeader.pch"; sourceTree = SOURCE_ROOT; };
		0E52FCE91B17D17300279F48 /* Data.h */ = {isa = PBXFileReference; fileEncoding = 4; lastKnownFileType = sourcecode.c.h; path = Data.h; sourceTree = "<group>"; };
		0E52FCEA1B17D17300279F48 /* Data.m */ = {isa = PBXFileReference; fileEncoding = 4; lastKnownFileType = sourcecode.c.objc; path = Data.m; sourceTree = "<group>"; };
		0E52FCEC1B17D18900279F48 /* Description.h */ = {isa = PBXFileReference; fileEncoding = 4; lastKnownFileType = sourcecode.c.h; path = Description.h; sourceTree = "<group>"; };
		0E52FCED1B17D18900279F48 /* Description.m */ = {isa = PBXFileReference; fileEncoding = 4; lastKnownFileType = sourcecode.c.objc; path = Description.m; sourceTree = "<group>"; };
		0ED963B01B04ED6C00A58227 /* Sugar Mole.app */ = {isa = PBXFileReference; explicitFileType = wrapper.application; includeInIndex = 0; path = "Sugar Mole.app"; sourceTree = BUILT_PRODUCTS_DIR; };
		0ED963B41B04ED6C00A58227 /* Info.plist */ = {isa = PBXFileReference; lastKnownFileType = text.plist.xml; path = Info.plist; sourceTree = "<group>"; };
		0ED963B51B04ED6C00A58227 /* main.m */ = {isa = PBXFileReference; lastKnownFileType = sourcecode.c.objc; path = main.m; sourceTree = "<group>"; };
		0ED963B71B04ED6C00A58227 /* AppDelegate.h */ = {isa = PBXFileReference; lastKnownFileType = sourcecode.c.h; path = AppDelegate.h; sourceTree = "<group>"; };
		0ED963B81B04ED6C00A58227 /* AppDelegate.m */ = {isa = PBXFileReference; lastKnownFileType = sourcecode.c.objc; path = AppDelegate.m; sourceTree = "<group>"; };
		0ED963BA1B04ED6C00A58227 /* RegisterViewController.h */ = {isa = PBXFileReference; lastKnownFileType = sourcecode.c.h; path = RegisterViewController.h; sourceTree = "<group>"; };
		0ED963BB1B04ED6C00A58227 /* RegisterViewController.m */ = {isa = PBXFileReference; lastKnownFileType = sourcecode.c.objc; path = RegisterViewController.m; sourceTree = "<group>"; };
		0ED963BE1B04ED6C00A58227 /* Base */ = {isa = PBXFileReference; lastKnownFileType = file.storyboard; name = Base; path = Base.lproj/Main.storyboard; sourceTree = "<group>"; };
		0ED963C01B04ED6C00A58227 /* Images.xcassets */ = {isa = PBXFileReference; lastKnownFileType = folder.assetcatalog; path = Images.xcassets; sourceTree = "<group>"; };
		0ED963C31B04ED6C00A58227 /* Base */ = {isa = PBXFileReference; lastKnownFileType = file.xib; name = Base; path = Base.lproj/LaunchScreen.xib; sourceTree = "<group>"; };
		0ED963C91B04ED6C00A58227 /* Sugar MoleTests.xctest */ = {isa = PBXFileReference; explicitFileType = wrapper.cfbundle; includeInIndex = 0; path = "Sugar MoleTests.xctest"; sourceTree = BUILT_PRODUCTS_DIR; };
		0ED963CE1B04ED6C00A58227 /* Info.plist */ = {isa = PBXFileReference; lastKnownFileType = text.plist.xml; path = Info.plist; sourceTree = "<group>"; };
		0ED963CF1B04ED6C00A58227 /* Sugar_MoleTests.m */ = {isa = PBXFileReference; lastKnownFileType = sourcecode.c.objc; path = Sugar_MoleTests.m; sourceTree = "<group>"; };
		0ED963D91B04FA2D00A58227 /* HomeViewController.h */ = {isa = PBXFileReference; fileEncoding = 4; lastKnownFileType = sourcecode.c.h; path = HomeViewController.h; sourceTree = "<group>"; };
		0ED963DA1B04FA2D00A58227 /* HomeViewController.m */ = {isa = PBXFileReference; fileEncoding = 4; lastKnownFileType = sourcecode.c.objc; path = HomeViewController.m; sourceTree = "<group>"; };
		0ED963E81B04FAD500A58227 /* SettingsViewController.h */ = {isa = PBXFileReference; fileEncoding = 4; lastKnownFileType = sourcecode.c.h; path = SettingsViewController.h; sourceTree = "<group>"; };
		0ED963E91B04FAD500A58227 /* SettingsViewController.m */ = {isa = PBXFileReference; fileEncoding = 4; lastKnownFileType = sourcecode.c.objc; path = SettingsViewController.m; sourceTree = "<group>"; };
		0EDCB9551B0E8C6B00D05127 /* HomePopAnimator.h */ = {isa = PBXFileReference; fileEncoding = 4; lastKnownFileType = sourcecode.c.h; path = HomePopAnimator.h; sourceTree = "<group>"; };
		0EDCB9561B0E8C6B00D05127 /* HomePopAnimator.m */ = {isa = PBXFileReference; fileEncoding = 4; lastKnownFileType = sourcecode.c.objc; path = HomePopAnimator.m; sourceTree = "<group>"; };
		0EDD097A1B0772D20009F193 /* LoginViewController.h */ = {isa = PBXFileReference; fileEncoding = 4; lastKnownFileType = sourcecode.c.h; path = LoginViewController.h; sourceTree = "<group>"; };
		0EDD097B1B0772D20009F193 /* LoginViewController.m */ = {isa = PBXFileReference; fileEncoding = 4; lastKnownFileType = sourcecode.c.objc; path = LoginViewController.m; sourceTree = "<group>"; };
		0EDD51001B0D3A1D00E18B42 /* NavigationControllerDelegate.h */ = {isa = PBXFileReference; fileEncoding = 4; lastKnownFileType = sourcecode.c.h; path = NavigationControllerDelegate.h; sourceTree = "<group>"; };
		0EDD51011B0D3A1D00E18B42 /* NavigationControllerDelegate.m */ = {isa = PBXFileReference; fileEncoding = 4; lastKnownFileType = sourcecode.c.objc; path = NavigationControllerDelegate.m; sourceTree = "<group>"; };
		0EDD51041B0D3FD300E18B42 /* HomePushAnimator.h */ = {isa = PBXFileReference; fileEncoding = 4; lastKnownFileType = sourcecode.c.h; path = HomePushAnimator.h; sourceTree = "<group>"; };
		0EDD51051B0D3FD300E18B42 /* HomePushAnimator.m */ = {isa = PBXFileReference; fileEncoding = 4; lastKnownFileType = sourcecode.c.objc; path = HomePushAnimator.m; sourceTree = "<group>"; };
		0EDD73D11B1672E500BC3FFC /* Device.h */ = {isa = PBXFileReference; fileEncoding = 4; lastKnownFileType = sourcecode.c.h; path = Device.h; sourceTree = "<group>"; };
		0EDD73D21B1672E500BC3FFC /* Device.m */ = {isa = PBXFileReference; fileEncoding = 4; lastKnownFileType = sourcecode.c.objc; path = Device.m; sourceTree = "<group>"; };
		0EDFB6A61B10D23C0003FFE6 /* ActionsViewController.h */ = {isa = PBXFileReference; fileEncoding = 4; lastKnownFileType = sourcecode.c.h; path = ActionsViewController.h; sourceTree = "<group>"; };
		0EDFB6A71B10D23C0003FFE6 /* ActionsViewController.m */ = {isa = PBXFileReference; fileEncoding = 4; lastKnownFileType = sourcecode.c.objc; path = ActionsViewController.m; sourceTree = "<group>"; };
		0EE303FB1B114D9600D0659F /* VocalControlViewController.h */ = {isa = PBXFileReference; fileEncoding = 4; lastKnownFileType = sourcecode.c.h; path = VocalControlViewController.h; sourceTree = "<group>"; };
		0EE303FC1B114D9600D0659F /* VocalControlViewController.m */ = {isa = PBXFileReference; fileEncoding = 4; lastKnownFileType = sourcecode.c.objc; path = VocalControlViewController.m; sourceTree = "<group>"; };
		0EE320D51B0FE19B00EDA06F /* HTTPRequestManager.h */ = {isa = PBXFileReference; fileEncoding = 4; lastKnownFileType = sourcecode.c.h; path = HTTPRequestManager.h; sourceTree = "<group>"; };
		0EE320D61B0FE19B00EDA06F /* HTTPRequestManager.m */ = {isa = PBXFileReference; fileEncoding = 4; lastKnownFileType = sourcecode.c.objc; path = HTTPRequestManager.m; sourceTree = "<group>"; };
		0EE320D81B0FF17900EDA06F /* DataManager.h */ = {isa = PBXFileReference; fileEncoding = 4; lastKnownFileType = sourcecode.c.h; path = DataManager.h; sourceTree = "<group>"; };
		0EE320D91B0FF17900EDA06F /* DataManager.m */ = {isa = PBXFileReference; fileEncoding = 4; lastKnownFileType = sourcecode.c.objc; path = DataManager.m; sourceTree = "<group>"; };
		0EE320DB1B0FF18B00EDA06F /* RequestHandler.h */ = {isa = PBXFileReference; fileEncoding = 4; lastKnownFileType = sourcecode.c.h; path = RequestHandler.h; sourceTree = "<group>"; };
		0EE320DC1B0FF18B00EDA06F /* RequestHandler.m */ = {isa = PBXFileReference; fileEncoding = 4; lastKnownFileType = sourcecode.c.objc; path = RequestHandler.m; sourceTree = "<group>"; };
		0EE320DE1B0FF4ED00EDA06F /* Scenario.h */ = {isa = PBXFileReference; fileEncoding = 4; lastKnownFileType = sourcecode.c.h; path = Scenario.h; sourceTree = "<group>"; };
		0EE320DF1B0FF4ED00EDA06F /* Scenario.m */ = {isa = PBXFileReference; fileEncoding = 4; lastKnownFileType = sourcecode.c.objc; path = Scenario.m; sourceTree = "<group>"; };
		0EE320E11B0FF4FC00EDA06F /* Action.h */ = {isa = PBXFileReference; fileEncoding = 4; lastKnownFileType = sourcecode.c.h; path = Action.h; sourceTree = "<group>"; };
		0EE320E21B0FF4FC00EDA06F /* Action.m */ = {isa = PBXFileReference; fileEncoding = 4; lastKnownFileType = sourcecode.c.objc; path = Action.m; sourceTree = "<group>"; };
		0EE320E41B0FF50800EDA06F /* User.h */ = {isa = PBXFileReference; fileEncoding = 4; lastKnownFileType = sourcecode.c.h; path = User.h; sourceTree = "<group>"; };
		0EE320E51B0FF50800EDA06F /* User.m */ = {isa = PBXFileReference; fileEncoding = 4; lastKnownFileType = sourcecode.c.objc; path = User.m; sourceTree = "<group>"; };
		0EE320E81B0FF58600EDA06F /* ItemsTableViewController.h */ = {isa = PBXFileReference; fileEncoding = 4; lastKnownFileType = sourcecode.c.h; path = ItemsTableViewController.h; sourceTree = "<group>"; };
		0EE320E91B0FF58600EDA06F /* ItemsTableViewController.m */ = {isa = PBXFileReference; fileEncoding = 4; lastKnownFileType = sourcecode.c.objc; path = ItemsTableViewController.m; sourceTree = "<group>"; };
		0EE320EB1B0FF5E900EDA06F /* ScenariosTableViewController.h */ = {isa = PBXFileReference; fileEncoding = 4; lastKnownFileType = sourcecode.c.h; path = ScenariosTableViewController.h; sourceTree = "<group>"; };
		0EE320EC1B0FF5E900EDA06F /* ScenariosTableViewController.m */ = {isa = PBXFileReference; fileEncoding = 4; lastKnownFileType = sourcecode.c.objc; path = ScenariosTableViewController.m; sourceTree = "<group>"; };
		0EE320EE1B0FF5F800EDA06F /* ActionsTypeTableViewController.h */ = {isa = PBXFileReference; fileEncoding = 4; lastKnownFileType = sourcecode.c.h; path = ActionsTypeTableViewController.h; sourceTree = "<group>"; };
		0EE320EF1B0FF5F800EDA06F /* ActionsTypeTableViewController.m */ = {isa = PBXFileReference; fileEncoding = 4; lastKnownFileType = sourcecode.c.objc; path = ActionsTypeTableViewController.m; sourceTree = "<group>"; };
		0EE320F11B0FF62900EDA06F /* CompatibilitiesTableViewController.h */ = {isa = PBXFileReference; fileEncoding = 4; lastKnownFileType = sourcecode.c.h; path = CompatibilitiesTableViewController.h; sourceTree = "<group>"; };
		0EE320F21B0FF62900EDA06F /* CompatibilitiesTableViewController.m */ = {isa = PBXFileReference; fileEncoding = 4; lastKnownFileType = sourcecode.c.objc; path = CompatibilitiesTableViewController.m; sourceTree = "<group>"; };
		0EE320F51B0FF6A900EDA06F /* BaseItemCell.h */ = {isa = PBXFileReference; fileEncoding = 4; lastKnownFileType = sourcecode.c.h; path = BaseItemCell.h; sourceTree = "<group>"; };
		0EE320F61B0FF6A900EDA06F /* BaseItemCell.m */ = {isa = PBXFileReference; fileEncoding = 4; lastKnownFileType = sourcecode.c.objc; path = BaseItemCell.m; sourceTree = "<group>"; };
		0EE320F81B0FF6C900EDA06F /* ActionItemCell.h */ = {isa = PBXFileReference; fileEncoding = 4; lastKnownFileType = sourcecode.c.h; path = ActionItemCell.h; sourceTree = "<group>"; };
		0EE320F91B0FF6C900EDA06F /* ActionItemCell.m */ = {isa = PBXFileReference; fileEncoding = 4; lastKnownFileType = sourcecode.c.objc; path = ActionItemCell.m; sourceTree = "<group>"; };
		0EE320FB1B0FF6E300EDA06F /* CompatibilityItemCell.h */ = {isa = PBXFileReference; fileEncoding = 4; lastKnownFileType = sourcecode.c.h; path = CompatibilityItemCell.h; sourceTree = "<group>"; };
		0EE320FC1B0FF6E300EDA06F /* CompatibilityItemCell.m */ = {isa = PBXFileReference; fileEncoding = 4; lastKnownFileType = sourcecode.c.objc; path = CompatibilityItemCell.m; sourceTree = "<group>"; };
		0EE320FE1B0FF6F800EDA06F /* ScenarioItemCell.h */ = {isa = PBXFileReference; fileEncoding = 4; lastKnownFileType = sourcecode.c.h; path = ScenarioItemCell.h; sourceTree = "<group>"; };
		0EE320FF1B0FF6F800EDA06F /* ScenarioItemCell.m */ = {isa = PBXFileReference; fileEncoding = 4; lastKnownFileType = sourcecode.c.objc; path = ScenarioItemCell.m; sourceTree = "<group>"; };
		0EE321011B0FF73600EDA06F /* LightItemCell.h */ = {isa = PBXFileReference; fileEncoding = 4; lastKnownFileType = sourcecode.c.h; path = LightItemCell.h; sourceTree = "<group>"; };
		0EE321021B0FF73600EDA06F /* LightItemCell.m */ = {isa = PBXFileReference; fileEncoding = 4; lastKnownFileType = sourcecode.c.objc; path = LightItemCell.m; sourceTree = "<group>"; };
		0EE321041B0FF7FD00EDA06F /* PlugItemCell.h */ = {isa = PBXFileReference; fileEncoding = 4; lastKnownFileType = sourcecode.c.h; path = PlugItemCell.h; sourceTree = "<group>"; };
		0EE321051B0FF7FD00EDA06F /* PlugItemCell.m */ = {isa = PBXFileReference; fileEncoding = 4; lastKnownFileType = sourcecode.c.objc; path = PlugItemCell.m; sourceTree = "<group>"; };
		0EE321071B0FF81F00EDA06F /* ACItemCell.h */ = {isa = PBXFileReference; fileEncoding = 4; lastKnownFileType = sourcecode.c.h; path = ACItemCell.h; sourceTree = "<group>"; };
		0EE321081B0FF81F00EDA06F /* ACItemCell.m */ = {isa = PBXFileReference; fileEncoding = 4; lastKnownFileType = sourcecode.c.objc; path = ACItemCell.m; sourceTree = "<group>"; };
		0EE3210A1B0FF82D00EDA06F /* SecurityItemCell.h */ = {isa = PBXFileReference; fileEncoding = 4; lastKnownFileType = sourcecode.c.h; path = SecurityItemCell.h; sourceTree = "<group>"; };
		0EE3210B1B0FF82D00EDA06F /* SecurityItemCell.m */ = {isa = PBXFileReference; fileEncoding = 4; lastKnownFileType = sourcecode.c.objc; path = SecurityItemCell.m; sourceTree = "<group>"; };
		0EE3210D1B0FF84400EDA06F /* HeaterItemCell.h */ = {isa = PBXFileReference; fileEncoding = 4; lastKnownFileType = sourcecode.c.h; path = HeaterItemCell.h; sourceTree = "<group>"; };
		0EE3210E1B0FF84400EDA06F /* HeaterItemCell.m */ = {isa = PBXFileReference; fileEncoding = 4; lastKnownFileType = sourcecode.c.objc; path = HeaterItemCell.m; sourceTree = "<group>"; };
		0EE321101B0FF86A00EDA06F /* CaptorItemCell.h */ = {isa = PBXFileReference; fileEncoding = 4; lastKnownFileType = sourcecode.c.h; path = CaptorItemCell.h; sourceTree = "<group>"; };
		0EE321111B0FF86A00EDA06F /* CaptorItemCell.m */ = {isa = PBXFileReference; fileEncoding = 4; lastKnownFileType = sourcecode.c.objc; path = CaptorItemCell.m; sourceTree = "<group>"; };
		0EE321141B0FF8C500EDA06F /* CompatibleCell.h */ = {isa = PBXFileReference; fileEncoding = 4; lastKnownFileType = sourcecode.c.h; path = CompatibleCell.h; sourceTree = "<group>"; };
		0EE321151B0FF8C500EDA06F /* CompatibleCell.m */ = {isa = PBXFileReference; fileEncoding = 4; lastKnownFileType = sourcecode.c.objc; path = CompatibleCell.m; sourceTree = "<group>"; };
		0EE321171B0FF8EC00EDA06F /* AddCompatibilityCell.h */ = {isa = PBXFileReference; fileEncoding = 4; lastKnownFileType = sourcecode.c.h; path = AddCompatibilityCell.h; sourceTree = "<group>"; };
		0EE321181B0FF8EC00EDA06F /* AddCompatibilityCell.m */ = {isa = PBXFileReference; fileEncoding = 4; lastKnownFileType = sourcecode.c.objc; path = AddCompatibilityCell.m; sourceTree = "<group>"; };
		0EE6C2AB1B08E0960005914E /* Default-h568.png */ = {isa = PBXFileReference; lastKnownFileType = image.png; path = "Default-h568.png"; sourceTree = SOURCE_ROOT; };
		0EED47AC1B1532C500BF0934 /* NSString+MD5.h */ = {isa = PBXFileReference; fileEncoding = 4; lastKnownFileType = sourcecode.c.h; path = "NSString+MD5.h"; sourceTree = "<group>"; };
		0EED47AD1B1532C500BF0934 /* NSString+MD5.m */ = {isa = PBXFileReference; fileEncoding = 4; lastKnownFileType = sourcecode.c.objc; path = "NSString+MD5.m"; sourceTree = "<group>"; };
		0EEE40951B363BE6006CE3FC /* AddScenarioViewController.h */ = {isa = PBXFileReference; fileEncoding = 4; lastKnownFileType = sourcecode.c.h; path = AddScenarioViewController.h; sourceTree = "<group>"; };
		0EEE40961B363BE6006CE3FC /* AddScenarioViewController.m */ = {isa = PBXFileReference; fileEncoding = 4; lastKnownFileType = sourcecode.c.objc; path = AddScenarioViewController.m; sourceTree = "<group>"; };
		6511277E147D9141D1B5CF37 /* libPods-Sugar Mole.a */ = {isa = PBXFileReference; explicitFileType = archive.ar; includeInIndex = 0; path = "libPods-Sugar Mole.a"; sourceTree = BUILT_PRODUCTS_DIR; };
		8F260B22C22131A98F48FB11 /* Pods-Sugar Mole.debug.xcconfig */ = {isa = PBXFileReference; includeInIndex = 1; lastKnownFileType = text.xcconfig; name = "Pods-Sugar Mole.debug.xcconfig"; path = "Pods/Target Support Files/Pods-Sugar Mole/Pods-Sugar Mole.debug.xcconfig"; sourceTree = "<group>"; };
		F3CAEB12640E1997A85015A5 /* Pods-Sugar Mole.release.xcconfig */ = {isa = PBXFileReference; includeInIndex = 1; lastKnownFileType = text.xcconfig; name = "Pods-Sugar Mole.release.xcconfig"; path = "Pods/Target Support Files/Pods-Sugar Mole/Pods-Sugar Mole.release.xcconfig"; sourceTree = "<group>"; };
/* End PBXFileReference section */

/* Begin PBXFrameworksBuildPhase section */
		0ED963AD1B04ED6C00A58227 /* Frameworks */ = {
			isa = PBXFrameworksBuildPhase;
			buildActionMask = 2147483647;
			files = (
				DB872725DFFB92D648073F96 /* libPods-Sugar Mole.a in Frameworks */,
			);
			runOnlyForDeploymentPostprocessing = 0;
		};
		0ED963C61B04ED6C00A58227 /* Frameworks */ = {
			isa = PBXFrameworksBuildPhase;
			buildActionMask = 2147483647;
			files = (
			);
			runOnlyForDeploymentPostprocessing = 0;
		};
/* End PBXFrameworksBuildPhase section */

/* Begin PBXGroup section */
		0E11959D1B38C7E6000F2B3D /* Realm models */ = {
			isa = PBXGroup;
			children = (
				0EE320DE1B0FF4ED00EDA06F /* Scenario.h */,
				0EE320DF1B0FF4ED00EDA06F /* Scenario.m */,
				0EE320E11B0FF4FC00EDA06F /* Action.h */,
				0EE320E21B0FF4FC00EDA06F /* Action.m */,
				0EE320E41B0FF50800EDA06F /* User.h */,
				0EE320E51B0FF50800EDA06F /* User.m */,
				0EDD73D11B1672E500BC3FFC /* Device.h */,
				0EDD73D21B1672E500BC3FFC /* Device.m */,
				0E52FCE91B17D17300279F48 /* Data.h */,
				0E52FCEA1B17D17300279F48 /* Data.m */,
				0E52FCEC1B17D18900279F48 /* Description.h */,
				0E52FCED1B17D18900279F48 /* Description.m */,
			);
			name = "Realm models";
			sourceTree = "<group>";
		};
		0E11959E1B38C83B000F2B3D /* Views */ = {
			isa = PBXGroup;
			children = (
				0EE320F41B0FF62D00EDA06F /* Tableview cells */,
				0E1195B41B3A1312000F2B3D /* AddScenario header view */,
				0E1195C51B3B72B3000F2B3D /* AddAction header view */,
			);
			name = Views;
			sourceTree = "<group>";
		};
		0E11959F1B38C871000F2B3D /* HTTPRequestManager */ = {
			isa = PBXGroup;
			children = (
				0EE320D51B0FE19B00EDA06F /* HTTPRequestManager.h */,
				0EE320D61B0FE19B00EDA06F /* HTTPRequestManager.m */,
			);
			name = HTTPRequestManager;
			sourceTree = "<group>";
		};
		0E1195A01B38C87F000F2B3D /* DataManager */ = {
			isa = PBXGroup;
			children = (
				0EE320D81B0FF17900EDA06F /* DataManager.h */,
				0EE320D91B0FF17900EDA06F /* DataManager.m */,
			);
			name = DataManager;
			sourceTree = "<group>";
		};
		0E1195A11B38C88C000F2B3D /* RequestHandler */ = {
			isa = PBXGroup;
			children = (
				0EE320DB1B0FF18B00EDA06F /* RequestHandler.h */,
				0EE320DC1B0FF18B00EDA06F /* RequestHandler.m */,
			);
			name = RequestHandler;
			sourceTree = "<group>";
		};
		0E1195A21B38C8D2000F2B3D /* NSString+MD5 */ = {
			isa = PBXGroup;
			children = (
				0EED47AC1B1532C500BF0934 /* NSString+MD5.h */,
				0EED47AD1B1532C500BF0934 /* NSString+MD5.m */,
			);
			name = "NSString+MD5";
			sourceTree = "<group>";
		};
		0E1195B41B3A1312000F2B3D /* AddScenario header view */ = {
			isa = PBXGroup;
			children = (
				0E1195A91B3A01DA000F2B3D /* AddScenarioHeaderView.h */,
				0E1195AA1B3A01DA000F2B3D /* AddScenarioHeaderView.m */,
				0E1195AC1B3A01FA000F2B3D /* AddScenarioHeaderView.xib */,
			);
			name = "AddScenario header view";
			sourceTree = "<group>";
		};
		0E1195B81B3A149B000F2B3D /* Add Scenario */ = {
			isa = PBXGroup;
			children = (
				0E1195B91B3A14CB000F2B3D /* AddItemCell.h */,
				0E1195BA1B3A14CB000F2B3D /* AddItemCell.m */,
				0E1195C21B3B714C000F2B3D /* AddActionCell.h */,
				0E1195C31B3B714C000F2B3D /* AddActionCell.m */,
			);
			name = "Add Scenario";
			sourceTree = "<group>";
		};
		0E1195C51B3B72B3000F2B3D /* AddAction header view */ = {
			isa = PBXGroup;
			children = (
				0E1195C61B3B72D6000F2B3D /* AddActionHeaderView.h */,
				0E1195C71B3B72D6000F2B3D /* AddActionHeaderView.m */,
				0E1195C91B3B72EE000F2B3D /* AddActionHeaderView.xib */,
			);
			name = "AddAction header view";
			sourceTree = "<group>";
		};
		0ED963A71B04ED6C00A58227 = {
			isa = PBXGroup;
			children = (
				0ED963B21B04ED6C00A58227 /* Sugar Mole */,
				0ED963CC1B04ED6C00A58227 /* Sugar MoleTests */,
				0ED963B11B04ED6C00A58227 /* Products */,
				763700E514F9FD5AB7C356FE /* Pods */,
				4118444EED13B0334382386F /* Frameworks */,
			);
			sourceTree = "<group>";
		};
		0ED963B11B04ED6C00A58227 /* Products */ = {
			isa = PBXGroup;
			children = (
				0ED963B01B04ED6C00A58227 /* Sugar Mole.app */,
				0ED963C91B04ED6C00A58227 /* Sugar MoleTests.xctest */,
			);
			name = Products;
			sourceTree = "<group>";
		};
		0ED963B21B04ED6C00A58227 /* Sugar Mole */ = {
			isa = PBXGroup;
			children = (
				0ED963B71B04ED6C00A58227 /* AppDelegate.h */,
				0ED963B81B04ED6C00A58227 /* AppDelegate.m */,
				0EDD50FF1B0D380800E18B42 /* Controllers */,
				0E11959E1B38C83B000F2B3D /* Views */,
				0EE320D31B0FE0C000EDA06F /* Model */,
				0EE320D41B0FE0D100EDA06F /* Services */,
				0ED963BD1B04ED6C00A58227 /* Main.storyboard */,
				0ED963C01B04ED6C00A58227 /* Images.xcassets */,
				0ED963C21B04ED6C00A58227 /* LaunchScreen.xib */,
				0ED963B31B04ED6C00A58227 /* Supporting Files */,
			);
			path = "Sugar Mole";
			sourceTree = "<group>";
		};
		0ED963B31B04ED6C00A58227 /* Supporting Files */ = {
			isa = PBXGroup;
			children = (
				0EE6C2AB1B08E0960005914E /* Default-h568.png */,
				0ED963B41B04ED6C00A58227 /* Info.plist */,
				0ED963B51B04ED6C00A58227 /* main.m */,
				0E1195CF1B3B7D1F000F2B3D /* SugarMole-PrefixHeader.pch */,
			);
			name = "Supporting Files";
			sourceTree = "<group>";
		};
		0ED963CC1B04ED6C00A58227 /* Sugar MoleTests */ = {
			isa = PBXGroup;
			children = (
				0ED963CF1B04ED6C00A58227 /* Sugar_MoleTests.m */,
				0ED963CD1B04ED6C00A58227 /* Supporting Files */,
			);
			path = "Sugar MoleTests";
			sourceTree = "<group>";
		};
		0ED963CD1B04ED6C00A58227 /* Supporting Files */ = {
			isa = PBXGroup;
			children = (
				0ED963CE1B04ED6C00A58227 /* Info.plist */,
			);
			name = "Supporting Files";
			sourceTree = "<group>";
		};
		0EDD50FF1B0D380800E18B42 /* Controllers */ = {
			isa = PBXGroup;
			children = (
				0ED963BA1B04ED6C00A58227 /* RegisterViewController.h */,
				0ED963BB1B04ED6C00A58227 /* RegisterViewController.m */,
				0EDD097A1B0772D20009F193 /* LoginViewController.h */,
				0EDD097B1B0772D20009F193 /* LoginViewController.m */,
				0ED963D91B04FA2D00A58227 /* HomeViewController.h */,
				0ED963DA1B04FA2D00A58227 /* HomeViewController.m */,
				0EDFB6A61B10D23C0003FFE6 /* ActionsViewController.h */,
				0EDFB6A71B10D23C0003FFE6 /* ActionsViewController.m */,
				0ED963E81B04FAD500A58227 /* SettingsViewController.h */,
				0ED963E91B04FAD500A58227 /* SettingsViewController.m */,
				0EE303FB1B114D9600D0659F /* VocalControlViewController.h */,
				0EE303FC1B114D9600D0659F /* VocalControlViewController.m */,
				0E1195BC1B3A22DE000F2B3D /* AddTriggerViewController.h */,
				0E1195BD1B3A22DE000F2B3D /* AddTriggerViewController.m */,
				0EE320E71B0FF54300EDA06F /* Tableviews */,
			);
			name = Controllers;
			sourceTree = "<group>";
		};
		0EDD51031B0D3F5200E18B42 /* Navigation */ = {
			isa = PBXGroup;
			children = (
				0EDD51001B0D3A1D00E18B42 /* NavigationControllerDelegate.h */,
				0EDD51011B0D3A1D00E18B42 /* NavigationControllerDelegate.m */,
				0EDD51041B0D3FD300E18B42 /* HomePushAnimator.h */,
				0EDD51051B0D3FD300E18B42 /* HomePushAnimator.m */,
				0EDCB9551B0E8C6B00D05127 /* HomePopAnimator.h */,
				0EDCB9561B0E8C6B00D05127 /* HomePopAnimator.m */,
			);
			name = Navigation;
			sourceTree = "<group>";
		};
		0EE320D31B0FE0C000EDA06F /* Model */ = {
			isa = PBXGroup;
			children = (
				0E11959D1B38C7E6000F2B3D /* Realm models */,
				0E1195A31B38CA65000F2B3D /* AddScenarioDataModel.h */,
				0E1195A41B38CA65000F2B3D /* AddScenarioDataModel.m */,
				0E1195AE1B3A12D9000F2B3D /* TriggerDataModel.h */,
				0E1195AF1B3A12D9000F2B3D /* TriggerDataModel.m */,
				0E1195B11B3A12E8000F2B3D /* ActionDataModel.h */,
				0E1195B21B3A12E8000F2B3D /* ActionDataModel.m */,
				0E1195B51B3A134C000F2B3D /* ItemDataModel.h */,
				0E1195B61B3A134C000F2B3D /* ItemDataModel.m */,
				0E1195CB1B3B7655000F2B3D /* AddActionDataModel.h */,
				0E1195CC1B3B7655000F2B3D /* AddActionDataModel.m */,
			);
			name = Model;
			sourceTree = "<group>";
		};
		0EE320D41B0FE0D100EDA06F /* Services */ = {
			isa = PBXGroup;
			children = (
				0E1195A21B38C8D2000F2B3D /* NSString+MD5 */,
				0EDD51031B0D3F5200E18B42 /* Navigation */,
				0E11959F1B38C871000F2B3D /* HTTPRequestManager */,
				0E1195A01B38C87F000F2B3D /* DataManager */,
				0E1195A11B38C88C000F2B3D /* RequestHandler */,
			);
			name = Services;
			sourceTree = "<group>";
		};
		0EE320E71B0FF54300EDA06F /* Tableviews */ = {
			isa = PBXGroup;
			children = (
				0EE320E81B0FF58600EDA06F /* ItemsTableViewController.h */,
				0EE320E91B0FF58600EDA06F /* ItemsTableViewController.m */,
				0EE320EB1B0FF5E900EDA06F /* ScenariosTableViewController.h */,
				0EE320EC1B0FF5E900EDA06F /* ScenariosTableViewController.m */,
				0EE320EE1B0FF5F800EDA06F /* ActionsTypeTableViewController.h */,
				0EE320EF1B0FF5F800EDA06F /* ActionsTypeTableViewController.m */,
				0EE320F11B0FF62900EDA06F /* CompatibilitiesTableViewController.h */,
				0EE320F21B0FF62900EDA06F /* CompatibilitiesTableViewController.m */,
				0EEE40951B363BE6006CE3FC /* AddScenarioViewController.h */,
				0EEE40961B363BE6006CE3FC /* AddScenarioViewController.m */,
				0E1195BF1B3B707F000F2B3D /* AddActionViewController.h */,
				0E1195C01B3B707F000F2B3D /* AddActionViewController.m */,
			);
			name = Tableviews;
			sourceTree = "<group>";
		};
		0EE320F41B0FF62D00EDA06F /* Tableview cells */ = {
			isa = PBXGroup;
			children = (
				0EE320F51B0FF6A900EDA06F /* BaseItemCell.h */,
				0EE320F61B0FF6A900EDA06F /* BaseItemCell.m */,
				0E11959A1B38C3F6000F2B3D /* SpacingTableViewCell.h */,
				0E11959B1B38C3F6000F2B3D /* SpacingTableViewCell.m */,
				0EE321131B0FF88700EDA06F /* Action */,
				0EE3211A1B0FF8F600EDA06F /* Compatibility */,
				0EE3211B1B0FF90600EDA06F /* Scenario */,
				0E1195B81B3A149B000F2B3D /* Add Scenario */,
			);
			name = "Tableview cells";
			sourceTree = "<group>";
		};
		0EE321131B0FF88700EDA06F /* Action */ = {
			isa = PBXGroup;
			children = (
				0EE320F81B0FF6C900EDA06F /* ActionItemCell.h */,
				0EE320F91B0FF6C900EDA06F /* ActionItemCell.m */,
				0EE321011B0FF73600EDA06F /* LightItemCell.h */,
				0EE321021B0FF73600EDA06F /* LightItemCell.m */,
				0EE321041B0FF7FD00EDA06F /* PlugItemCell.h */,
				0EE321051B0FF7FD00EDA06F /* PlugItemCell.m */,
				0EE321071B0FF81F00EDA06F /* ACItemCell.h */,
				0EE321081B0FF81F00EDA06F /* ACItemCell.m */,
				0EE3210A1B0FF82D00EDA06F /* SecurityItemCell.h */,
				0EE3210B1B0FF82D00EDA06F /* SecurityItemCell.m */,
				0EE3210D1B0FF84400EDA06F /* HeaterItemCell.h */,
				0EE3210E1B0FF84400EDA06F /* HeaterItemCell.m */,
				0EE321101B0FF86A00EDA06F /* CaptorItemCell.h */,
				0EE321111B0FF86A00EDA06F /* CaptorItemCell.m */,
			);
			name = Action;
			sourceTree = "<group>";
		};
		0EE3211A1B0FF8F600EDA06F /* Compatibility */ = {
			isa = PBXGroup;
			children = (
				0EE320FB1B0FF6E300EDA06F /* CompatibilityItemCell.h */,
				0EE320FC1B0FF6E300EDA06F /* CompatibilityItemCell.m */,
				0EE321141B0FF8C500EDA06F /* CompatibleCell.h */,
				0EE321151B0FF8C500EDA06F /* CompatibleCell.m */,
				0EE321171B0FF8EC00EDA06F /* AddCompatibilityCell.h */,
				0EE321181B0FF8EC00EDA06F /* AddCompatibilityCell.m */,
			);
			name = Compatibility;
			sourceTree = "<group>";
		};
		0EE3211B1B0FF90600EDA06F /* Scenario */ = {
			isa = PBXGroup;
			children = (
				0EE320FE1B0FF6F800EDA06F /* ScenarioItemCell.h */,
				0EE320FF1B0FF6F800EDA06F /* ScenarioItemCell.m */,
			);
			name = Scenario;
			sourceTree = "<group>";
		};
		4118444EED13B0334382386F /* Frameworks */ = {
			isa = PBXGroup;
			children = (
				6511277E147D9141D1B5CF37 /* libPods-Sugar Mole.a */,
			);
			name = Frameworks;
			sourceTree = "<group>";
		};
		763700E514F9FD5AB7C356FE /* Pods */ = {
			isa = PBXGroup;
			children = (
				8F260B22C22131A98F48FB11 /* Pods-Sugar Mole.debug.xcconfig */,
				F3CAEB12640E1997A85015A5 /* Pods-Sugar Mole.release.xcconfig */,
			);
			name = Pods;
			sourceTree = "<group>";
		};
/* End PBXGroup section */

/* Begin PBXNativeTarget section */
		0ED963AF1B04ED6C00A58227 /* Sugar Mole */ = {
			isa = PBXNativeTarget;
			buildConfigurationList = 0ED963D31B04ED6C00A58227 /* Build configuration list for PBXNativeTarget "Sugar Mole" */;
			buildPhases = (
				9A13CB870B1139C01839597A /* Check Pods Manifest.lock */,
				0ED963AC1B04ED6C00A58227 /* Sources */,
				0ED963AD1B04ED6C00A58227 /* Frameworks */,
				0ED963AE1B04ED6C00A58227 /* Resources */,
				705F8D08F6940C7E076B13E7 /* Copy Pods Resources */,
			);
			buildRules = (
			);
			dependencies = (
			);
			name = "Sugar Mole";
			productName = "Sugar Mole";
			productReference = 0ED963B01B04ED6C00A58227 /* Sugar Mole.app */;
			productType = "com.apple.product-type.application";
		};
		0ED963C81B04ED6C00A58227 /* Sugar MoleTests */ = {
			isa = PBXNativeTarget;
			buildConfigurationList = 0ED963D61B04ED6C00A58227 /* Build configuration list for PBXNativeTarget "Sugar MoleTests" */;
			buildPhases = (
				0ED963C51B04ED6C00A58227 /* Sources */,
				0ED963C61B04ED6C00A58227 /* Frameworks */,
				0ED963C71B04ED6C00A58227 /* Resources */,
			);
			buildRules = (
			);
			dependencies = (
				0ED963CB1B04ED6C00A58227 /* PBXTargetDependency */,
			);
			name = "Sugar MoleTests";
			productName = "Sugar MoleTests";
			productReference = 0ED963C91B04ED6C00A58227 /* Sugar MoleTests.xctest */;
			productType = "com.apple.product-type.bundle.unit-test";
		};
/* End PBXNativeTarget section */

/* Begin PBXProject section */
		0ED963A81B04ED6C00A58227 /* Project object */ = {
			isa = PBXProject;
			attributes = {
				LastUpgradeCheck = 0620;
				ORGANIZATIONNAME = "Pierre-Yves Touzain";
				TargetAttributes = {
					0ED963AF1B04ED6C00A58227 = {
						CreatedOnToolsVersion = 6.2;
						DevelopmentTeam = 2QBUE49SMK;
					};
					0ED963C81B04ED6C00A58227 = {
						CreatedOnToolsVersion = 6.2;
						TestTargetID = 0ED963AF1B04ED6C00A58227;
					};
				};
			};
			buildConfigurationList = 0ED963AB1B04ED6C00A58227 /* Build configuration list for PBXProject "Sugar Mole" */;
			compatibilityVersion = "Xcode 3.2";
			developmentRegion = English;
			hasScannedForEncodings = 0;
			knownRegions = (
				en,
				Base,
			);
			mainGroup = 0ED963A71B04ED6C00A58227;
			productRefGroup = 0ED963B11B04ED6C00A58227 /* Products */;
			projectDirPath = "";
			projectRoot = "";
			targets = (
				0ED963AF1B04ED6C00A58227 /* Sugar Mole */,
				0ED963C81B04ED6C00A58227 /* Sugar MoleTests */,
			);
		};
/* End PBXProject section */

/* Begin PBXResourcesBuildPhase section */
		0ED963AE1B04ED6C00A58227 /* Resources */ = {
			isa = PBXResourcesBuildPhase;
			buildActionMask = 2147483647;
			files = (
				0EE6C2AC1B08E0960005914E /* Default-h568.png in Resources */,
				0E1195AD1B3A01FA000F2B3D /* AddScenarioHeaderView.xib in Resources */,
				0ED963BF1B04ED6C00A58227 /* Main.storyboard in Resources */,
				0E1195CA1B3B72EE000F2B3D /* AddActionHeaderView.xib in Resources */,
				0ED963C41B04ED6C00A58227 /* LaunchScreen.xib in Resources */,
				0ED963C11B04ED6C00A58227 /* Images.xcassets in Resources */,
			);
			runOnlyForDeploymentPostprocessing = 0;
		};
		0ED963C71B04ED6C00A58227 /* Resources */ = {
			isa = PBXResourcesBuildPhase;
			buildActionMask = 2147483647;
			files = (
			);
			runOnlyForDeploymentPostprocessing = 0;
		};
/* End PBXResourcesBuildPhase section */

/* Begin PBXShellScriptBuildPhase section */
		705F8D08F6940C7E076B13E7 /* Copy Pods Resources */ = {
			isa = PBXShellScriptBuildPhase;
			buildActionMask = 2147483647;
			files = (
			);
			inputPaths = (
			);
			name = "Copy Pods Resources";
			outputPaths = (
			);
			runOnlyForDeploymentPostprocessing = 0;
			shellPath = /bin/sh;
			shellScript = "\"${SRCROOT}/Pods/Target Support Files/Pods-Sugar Mole/Pods-Sugar Mole-resources.sh\"\n";
			showEnvVarsInLog = 0;
		};
		9A13CB870B1139C01839597A /* Check Pods Manifest.lock */ = {
			isa = PBXShellScriptBuildPhase;
			buildActionMask = 2147483647;
			files = (
			);
			inputPaths = (
			);
			name = "Check Pods Manifest.lock";
			outputPaths = (
			);
			runOnlyForDeploymentPostprocessing = 0;
			shellPath = /bin/sh;
			shellScript = "diff \"${PODS_ROOT}/../Podfile.lock\" \"${PODS_ROOT}/Manifest.lock\" > /dev/null\nif [[ $? != 0 ]] ; then\n    cat << EOM\nerror: The sandbox is not in sync with the Podfile.lock. Run 'pod install' or update your CocoaPods installation.\nEOM\n    exit 1\nfi\n";
			showEnvVarsInLog = 0;
		};
/* End PBXShellScriptBuildPhase section */

/* Begin PBXSourcesBuildPhase section */
		0ED963AC1B04ED6C00A58227 /* Sources */ = {
			isa = PBXSourcesBuildPhase;
			buildActionMask = 2147483647;
			files = (
				0EDD51021B0D3A1D00E18B42 /* NavigationControllerDelegate.m in Sources */,
				0E1195C41B3B714C000F2B3D /* AddActionCell.m in Sources */,
				0EE320DA1B0FF17900EDA06F /* DataManager.m in Sources */,
				0EE320DD1B0FF18B00EDA06F /* RequestHandler.m in Sources */,
				0EDD73D31B1672E500BC3FFC /* Device.m in Sources */,
				0E52FCEE1B17D18900279F48 /* Description.m in Sources */,
				0EE320F71B0FF6A900EDA06F /* BaseItemCell.m in Sources */,
				0EDD51061B0D3FD300E18B42 /* HomePushAnimator.m in Sources */,
				0EDFB6A81B10D23C0003FFE6 /* ActionsViewController.m in Sources */,
				0EE320EA1B0FF58600EDA06F /* ItemsTableViewController.m in Sources */,
				0ED963BC1B04ED6C00A58227 /* RegisterViewController.m in Sources */,
				0ED963EA1B04FAD500A58227 /* SettingsViewController.m in Sources */,
				0E1195C81B3B72D6000F2B3D /* AddActionHeaderView.m in Sources */,
				0EDD097C1B0772D20009F193 /* LoginViewController.m in Sources */,
				0EE321001B0FF6F800EDA06F /* ScenarioItemCell.m in Sources */,
				0ED963B91B04ED6C00A58227 /* AppDelegate.m in Sources */,
				0E1195B31B3A12E8000F2B3D /* ActionDataModel.m in Sources */,
				0EDCB9571B0E8C6B00D05127 /* HomePopAnimator.m in Sources */,
				0EE320ED1B0FF5E900EDA06F /* ScenariosTableViewController.m in Sources */,
				0E1195BB1B3A14CB000F2B3D /* AddItemCell.m in Sources */,
				0EE320E01B0FF4ED00EDA06F /* Scenario.m in Sources */,
				0E1195A51B38CA65000F2B3D /* AddScenarioDataModel.m in Sources */,
				0EE321161B0FF8C500EDA06F /* CompatibleCell.m in Sources */,
				0E1195AB1B3A01DA000F2B3D /* AddScenarioHeaderView.m in Sources */,
				0E52FCEB1B17D17300279F48 /* Data.m in Sources */,
				0EE320F01B0FF5F800EDA06F /* ActionsTypeTableViewController.m in Sources */,
				0ED963B61B04ED6C00A58227 /* main.m in Sources */,
				0EE3210F1B0FF84400EDA06F /* HeaterItemCell.m in Sources */,
				0EE320D71B0FE19B00EDA06F /* HTTPRequestManager.m in Sources */,
				0EE320FA1B0FF6C900EDA06F /* ActionItemCell.m in Sources */,
				0EE321061B0FF7FD00EDA06F /* PlugItemCell.m in Sources */,
				0E1195B71B3A134C000F2B3D /* ItemDataModel.m in Sources */,
				0EE303FD1B114D9600D0659F /* VocalControlViewController.m in Sources */,
				0EE321031B0FF73600EDA06F /* LightItemCell.m in Sources */,
				0EE320E61B0FF50800EDA06F /* User.m in Sources */,
				0EE3210C1B0FF82D00EDA06F /* SecurityItemCell.m in Sources */,
				0EE321091B0FF81F00EDA06F /* ACItemCell.m in Sources */,
				0EED47AE1B1532C500BF0934 /* NSString+MD5.m in Sources */,
				0EE320FD1B0FF6E300EDA06F /* CompatibilityItemCell.m in Sources */,
				0E1195BE1B3A22DE000F2B3D /* AddTriggerViewController.m in Sources */,
				0EE320E31B0FF4FC00EDA06F /* Action.m in Sources */,
				0EE321121B0FF86A00EDA06F /* CaptorItemCell.m in Sources */,
				0E11959C1B38C3F6000F2B3D /* SpacingTableViewCell.m in Sources */,
				0E1195CD1B3B7655000F2B3D /* AddActionDataModel.m in Sources */,
				0EE321191B0FF8EC00EDA06F /* AddCompatibilityCell.m in Sources */,
				0E1195B01B3A12D9000F2B3D /* TriggerDataModel.m in Sources */,
				0ED963DB1B04FA2D00A58227 /* HomeViewController.m in Sources */,
				0EEE40971B363BE6006CE3FC /* AddScenarioViewController.m in Sources */,
				0EE320F31B0FF62900EDA06F /* CompatibilitiesTableViewController.m in Sources */,
				0E1195C11B3B707F000F2B3D /* AddActionViewController.m in Sources */,
			);
			runOnlyForDeploymentPostprocessing = 0;
		};
		0ED963C51B04ED6C00A58227 /* Sources */ = {
			isa = PBXSourcesBuildPhase;
			buildActionMask = 2147483647;
			files = (
				0ED963D01B04ED6C00A58227 /* Sugar_MoleTests.m in Sources */,
			);
			runOnlyForDeploymentPostprocessing = 0;
		};
/* End PBXSourcesBuildPhase section */

/* Begin PBXTargetDependency section */
		0ED963CB1B04ED6C00A58227 /* PBXTargetDependency */ = {
			isa = PBXTargetDependency;
			target = 0ED963AF1B04ED6C00A58227 /* Sugar Mole */;
			targetProxy = 0ED963CA1B04ED6C00A58227 /* PBXContainerItemProxy */;
		};
/* End PBXTargetDependency section */

/* Begin PBXVariantGroup section */
		0ED963BD1B04ED6C00A58227 /* Main.storyboard */ = {
			isa = PBXVariantGroup;
			children = (
				0ED963BE1B04ED6C00A58227 /* Base */,
			);
			name = Main.storyboard;
			sourceTree = "<group>";
		};
		0ED963C21B04ED6C00A58227 /* LaunchScreen.xib */ = {
			isa = PBXVariantGroup;
			children = (
				0ED963C31B04ED6C00A58227 /* Base */,
			);
			name = LaunchScreen.xib;
			sourceTree = "<group>";
		};
/* End PBXVariantGroup section */

/* Begin XCBuildConfiguration section */
		0ED963D11B04ED6C00A58227 /* Debug */ = {
			isa = XCBuildConfiguration;
			buildSettings = {
				ALWAYS_SEARCH_USER_PATHS = NO;
				CLANG_CXX_LANGUAGE_STANDARD = "gnu++0x";
				CLANG_CXX_LIBRARY = "libc++";
				CLANG_ENABLE_MODULES = YES;
				CLANG_ENABLE_OBJC_ARC = YES;
				CLANG_WARN_BOOL_CONVERSION = YES;
				CLANG_WARN_CONSTANT_CONVERSION = YES;
				CLANG_WARN_DIRECT_OBJC_ISA_USAGE = YES_ERROR;
				CLANG_WARN_EMPTY_BODY = YES;
				CLANG_WARN_ENUM_CONVERSION = YES;
				CLANG_WARN_INT_CONVERSION = YES;
				CLANG_WARN_OBJC_ROOT_CLASS = YES_ERROR;
				CLANG_WARN_UNREACHABLE_CODE = YES;
				CLANG_WARN__DUPLICATE_METHOD_MATCH = YES;
				"CODE_SIGN_IDENTITY[sdk=iphoneos*]" = "iPhone Developer";
				COPY_PHASE_STRIP = NO;
				ENABLE_STRICT_OBJC_MSGSEND = YES;
				GCC_C_LANGUAGE_STANDARD = gnu99;
				GCC_DYNAMIC_NO_PIC = NO;
				GCC_OPTIMIZATION_LEVEL = 0;
				GCC_PREPROCESSOR_DEFINITIONS = (
					"DEBUG=1",
					"$(inherited)",
				);
				GCC_SYMBOLS_PRIVATE_EXTERN = NO;
				GCC_WARN_64_TO_32_BIT_CONVERSION = YES;
				GCC_WARN_ABOUT_RETURN_TYPE = YES_ERROR;
				GCC_WARN_UNDECLARED_SELECTOR = YES;
				GCC_WARN_UNINITIALIZED_AUTOS = YES_AGGRESSIVE;
				GCC_WARN_UNUSED_FUNCTION = YES;
				GCC_WARN_UNUSED_VARIABLE = YES;
				IPHONEOS_DEPLOYMENT_TARGET = 8.2;
				MTL_ENABLE_DEBUG_INFO = YES;
				ONLY_ACTIVE_ARCH = YES;
				SDKROOT = iphoneos;
				TARGETED_DEVICE_FAMILY = "1,2";
			};
			name = Debug;
		};
		0ED963D21B04ED6C00A58227 /* Release */ = {
			isa = XCBuildConfiguration;
			buildSettings = {
				ALWAYS_SEARCH_USER_PATHS = NO;
				CLANG_CXX_LANGUAGE_STANDARD = "gnu++0x";
				CLANG_CXX_LIBRARY = "libc++";
				CLANG_ENABLE_MODULES = YES;
				CLANG_ENABLE_OBJC_ARC = YES;
				CLANG_WARN_BOOL_CONVERSION = YES;
				CLANG_WARN_CONSTANT_CONVERSION = YES;
				CLANG_WARN_DIRECT_OBJC_ISA_USAGE = YES_ERROR;
				CLANG_WARN_EMPTY_BODY = YES;
				CLANG_WARN_ENUM_CONVERSION = YES;
				CLANG_WARN_INT_CONVERSION = YES;
				CLANG_WARN_OBJC_ROOT_CLASS = YES_ERROR;
				CLANG_WARN_UNREACHABLE_CODE = YES;
				CLANG_WARN__DUPLICATE_METHOD_MATCH = YES;
				"CODE_SIGN_IDENTITY[sdk=iphoneos*]" = "iPhone Developer";
				COPY_PHASE_STRIP = NO;
				ENABLE_NS_ASSERTIONS = NO;
				ENABLE_STRICT_OBJC_MSGSEND = YES;
				GCC_C_LANGUAGE_STANDARD = gnu99;
				GCC_WARN_64_TO_32_BIT_CONVERSION = YES;
				GCC_WARN_ABOUT_RETURN_TYPE = YES_ERROR;
				GCC_WARN_UNDECLARED_SELECTOR = YES;
				GCC_WARN_UNINITIALIZED_AUTOS = YES_AGGRESSIVE;
				GCC_WARN_UNUSED_FUNCTION = YES;
				GCC_WARN_UNUSED_VARIABLE = YES;
				IPHONEOS_DEPLOYMENT_TARGET = 8.2;
				MTL_ENABLE_DEBUG_INFO = NO;
				SDKROOT = iphoneos;
				TARGETED_DEVICE_FAMILY = "1,2";
				VALIDATE_PRODUCT = YES;
			};
			name = Release;
		};
		0ED963D41B04ED6C00A58227 /* Debug */ = {
			isa = XCBuildConfiguration;
			baseConfigurationReference = 8F260B22C22131A98F48FB11 /* Pods-Sugar Mole.debug.xcconfig */;
			buildSettings = {
				ASSETCATALOG_COMPILER_APPICON_NAME = AppIcon;
				ASSETCATALOG_COMPILER_LAUNCHIMAGE_NAME = LaunchImage;
				CODE_SIGN_IDENTITY = "iPhone Developer";
				"CODE_SIGN_IDENTITY[sdk=iphoneos*]" = "iPhone Developer";
				GCC_PREFIX_HEADER = "SugarMole-PrefixHeader.pch";
				INFOPLIST_FILE = "Sugar Mole/Info.plist";
				IPHONEOS_DEPLOYMENT_TARGET = 7.0;
				LD_RUNPATH_SEARCH_PATHS = "$(inherited) @executable_path/Frameworks";
				PRODUCT_NAME = "$(TARGET_NAME)";
				PROVISIONING_PROFILE = "";
			};
			name = Debug;
		};
		0ED963D51B04ED6C00A58227 /* Release */ = {
			isa = XCBuildConfiguration;
			baseConfigurationReference = F3CAEB12640E1997A85015A5 /* Pods-Sugar Mole.release.xcconfig */;
			buildSettings = {
				ASSETCATALOG_COMPILER_APPICON_NAME = AppIcon;
				ASSETCATALOG_COMPILER_LAUNCHIMAGE_NAME = LaunchImage;
				CODE_SIGN_IDENTITY = "iPhone Developer";
				"CODE_SIGN_IDENTITY[sdk=iphoneos*]" = "iPhone Developer";
				GCC_PREFIX_HEADER = "SugarMole-PrefixHeader.pch";
				INFOPLIST_FILE = "Sugar Mole/Info.plist";
				IPHONEOS_DEPLOYMENT_TARGET = 7.0;
				LD_RUNPATH_SEARCH_PATHS = "$(inherited) @executable_path/Frameworks";
				PRODUCT_NAME = "$(TARGET_NAME)";
				PROVISIONING_PROFILE = "";
			};
			name = Release;
		};
		0ED963D71B04ED6C00A58227 /* Debug */ = {
			isa = XCBuildConfiguration;
			buildSettings = {
				BUNDLE_LOADER = "$(TEST_HOST)";
				FRAMEWORK_SEARCH_PATHS = (
					"$(SDKROOT)/Developer/Library/Frameworks",
					"$(inherited)",
				);
				GCC_PREPROCESSOR_DEFINITIONS = (
					"DEBUG=1",
					"$(inherited)",
				);
				INFOPLIST_FILE = "Sugar MoleTests/Info.plist";
				LD_RUNPATH_SEARCH_PATHS = "$(inherited) @executable_path/Frameworks @loader_path/Frameworks";
				PRODUCT_NAME = "$(TARGET_NAME)";
				TEST_HOST = "$(BUILT_PRODUCTS_DIR)/Sugar Mole.app/Sugar Mole";
			};
			name = Debug;
		};
		0ED963D81B04ED6C00A58227 /* Release */ = {
			isa = XCBuildConfiguration;
			buildSettings = {
				BUNDLE_LOADER = "$(TEST_HOST)";
				FRAMEWORK_SEARCH_PATHS = (
					"$(SDKROOT)/Developer/Library/Frameworks",
					"$(inherited)",
				);
				INFOPLIST_FILE = "Sugar MoleTests/Info.plist";
				LD_RUNPATH_SEARCH_PATHS = "$(inherited) @executable_path/Frameworks @loader_path/Frameworks";
				PRODUCT_NAME = "$(TARGET_NAME)";
				TEST_HOST = "$(BUILT_PRODUCTS_DIR)/Sugar Mole.app/Sugar Mole";
			};
			name = Release;
		};
/* End XCBuildConfiguration section */

/* Begin XCConfigurationList section */
		0ED963AB1B04ED6C00A58227 /* Build configuration list for PBXProject "Sugar Mole" */ = {
			isa = XCConfigurationList;
			buildConfigurations = (
				0ED963D11B04ED6C00A58227 /* Debug */,
				0ED963D21B04ED6C00A58227 /* Release */,
			);
			defaultConfigurationIsVisible = 0;
			defaultConfigurationName = Release;
		};
		0ED963D31B04ED6C00A58227 /* Build configuration list for PBXNativeTarget "Sugar Mole" */ = {
			isa = XCConfigurationList;
			buildConfigurations = (
				0ED963D41B04ED6C00A58227 /* Debug */,
				0ED963D51B04ED6C00A58227 /* Release */,
			);
			defaultConfigurationIsVisible = 0;
			defaultConfigurationName = Release;
		};
		0ED963D61B04ED6C00A58227 /* Build configuration list for PBXNativeTarget "Sugar MoleTests" */ = {
			isa = XCConfigurationList;
			buildConfigurations = (
				0ED963D71B04ED6C00A58227 /* Debug */,
				0ED963D81B04ED6C00A58227 /* Release */,
			);
			defaultConfigurationIsVisible = 0;
			defaultConfigurationName = Release;
		};
/* End XCConfigurationList section */
	};
	rootObject = 0ED963A81B04ED6C00A58227 /* Project object */;
}
